
Microsoft Visual Studio Solution File, Format Version 12.00
# Visual Studio Version 17
VisualStudioVersion = 17.11.35208.52
MinimumVisualStudioVersion = 10.0.40219.1
Project("{8BC9CEB8-8B4A-11D0-8D11-00A0C91BC942}") = "Model", "Model\Model.vcxproj", "{A568B21C-38A8-4B0D-8A9C-965D1CBD0DBA}"
EndProject
Project("{8BC9CEB8-8B4A-11D0-8D11-00A0C91BC942}") = "Service", "Service\Service.vcxproj", "{B7466498-2233-4C07-BEDB-65003A8F39FD}"
EndProject
Project("{8BC9CEB8-8B4A-11D0-8D11-00A0C91BC942}") = "GUIApp", "GUIApp\GUIApp.vcxproj", "{16137B49-03DB-4773-B4D4-76EE3CE59A21}"
EndProject
Project("{8BC9CEB8-8B4A-11D0-8D11-00A0C91BC942}") = "Persistance", "Persistance\Persistance.vcxproj", "{B8A9CAC3-8F7A-4924-B86A-2E2B4C6D7F43}"
EndProject
Global
	GlobalSection(SolutionConfigurationPlatforms) = preSolution
		Debug|x64 = Debug|x64
		Debug|x86 = Debug|x86
		Release|x64 = Release|x64
		Release|x86 = Release|x86
	EndGlobalSection
	GlobalSection(ProjectConfigurationPlatforms) = postSolution
		{A568B21C-38A8-4B0D-8A9C-965D1CBD0DBA}.Debug|x64.ActiveCfg = Debug|x64
		{A568B21C-38A8-4B0D-8A9C-965D1CBD0DBA}.Debug|x64.Build.0 = Debug|x64
		{A568B21C-38A8-4B0D-8A9C-965D1CBD0DBA}.Debug|x86.ActiveCfg = Debug|Win32
		{A568B21C-38A8-4B0D-8A9C-965D1CBD0DBA}.Debug|x86.Build.0 = Debug|Win32
		{A568B21C-38A8-4B0D-8A9C-965D1CBD0DBA}.Release|x64.ActiveCfg = Release|x64
		{A568B21C-38A8-4B0D-8A9C-965D1CBD0DBA}.Release|x64.Build.0 = Release|x64
		{A568B21C-38A8-4B0D-8A9C-965D1CBD0DBA}.Release|x86.ActiveCfg = Release|Win32
		{A568B21C-38A8-4B0D-8A9C-965D1CBD0DBA}.Release|x86.Build.0 = Release|Win32
		{B7466498-2233-4C07-BEDB-65003A8F39FD}.Debug|x64.ActiveCfg = Debug|x64
		{B7466498-2233-4C07-BEDB-65003A8F39FD}.Debug|x64.Build.0 = Debug|x64
		{B7466498-2233-4C07-BEDB-65003A8F39FD}.Debug|x86.ActiveCfg = Debug|Win32
		{B7466498-2233-4C07-BEDB-65003A8F39FD}.Debug|x86.Build.0 = Debug|Win32
		{B7466498-2233-4C07-BEDB-65003A8F39FD}.Release|x64.ActiveCfg = Release|x64
		{B7466498-2233-4C07-BEDB-65003A8F39FD}.Release|x64.Build.0 = Release|x64
		{B7466498-2233-4C07-BEDB-65003A8F39FD}.Release|x86.ActiveCfg = Release|Win32
		{B7466498-2233-4C07-BEDB-65003A8F39FD}.Release|x86.Build.0 = Release|Win32
		{16137B49-03DB-4773-B4D4-76EE3CE59A21}.Debug|x64.ActiveCfg = Debug|x64
		{16137B49-03DB-4773-B4D4-76EE3CE59A21}.Debug|x64.Build.0 = Debug|x64
		{16137B49-03DB-4773-B4D4-76EE3CE59A21}.Debug|x86.ActiveCfg = Debug|Win32
		{16137B49-03DB-4773-B4D4-76EE3CE59A21}.Debug|x86.Build.0 = Debug|Win32
		{16137B49-03DB-4773-B4D4-76EE3CE59A21}.Release|x64.ActiveCfg = Release|x64
		{16137B49-03DB-4773-B4D4-76EE3CE59A21}.Release|x64.Build.0 = Release|x64
		{16137B49-03DB-4773-B4D4-76EE3CE59A21}.Release|x86.ActiveCfg = Release|Win32
		{16137B49-03DB-4773-B4D4-76EE3CE59A21}.Release|x86.Build.0 = Release|Win32
		{B8A9CAC3-8F7A-4924-B86A-2E2B4C6D7F43}.Debug|x64.ActiveCfg = Debug|x64
		{B8A9CAC3-8F7A-4924-B86A-2E2B4C6D7F43}.Debug|x64.Build.0 = Debug|x64
		{B8A9CAC3-8F7A-4924-B86A-2E2B4C6D7F43}.Debug|x86.ActiveCfg = Debug|Win32
		{B8A9CAC3-8F7A-4924-B86A-2E2B4C6D7F43}.Debug|x86.Build.0 = Debug|Win32
		{B8A9CAC3-8F7A-4924-B86A-2E2B4C6D7F43}.Release|x64.ActiveCfg = Release|x64
		{B8A9CAC3-8F7A-4924-B86A-2E2B4C6D7F43}.Release|x64.Build.0 = Release|x64
		{B8A9CAC3-8F7A-4924-B86A-2E2B4C6D7F43}.Release|x86.ActiveCfg = Release|Win32
		{B8A9CAC3-8F7A-4924-B86A-2E2B4C6D7F43}.Release|x86.Build.0 = Release|Win32
	EndGlobalSection
	GlobalSection(SolutionProperties) = preSolution
		HideSolutionNode = FALSE
	EndGlobalSection
	GlobalSection(ExtensibilityGlobals) = postSolution
		SolutionGuid = {9BDD26D2-159C-476D-9A66-23037B2DB57E}
	EndGlobalSection
EndGlobal
